// !$*UTF8*$!
{
	archiveVersion = 1;
	classes = {
	};
	objectVersion = 48;
	objects = {

/* Begin PBXBuildFile section */
		B020D0F41F9B068E00AB013C /* AppDelegate.swift in Sources */ = {isa = PBXBuildFile; fileRef = B020D0F31F9B068E00AB013C /* AppDelegate.swift */; };
		B020D0F61F9B068E00AB013C /* GameScene.sks in Resources */ = {isa = PBXBuildFile; fileRef = B020D0F51F9B068E00AB013C /* GameScene.sks */; };
		B020D0F81F9B068E00AB013C /* Actions.sks in Resources */ = {isa = PBXBuildFile; fileRef = B020D0F71F9B068E00AB013C /* Actions.sks */; };
		B020D0FA1F9B068E00AB013C /* GameScene.swift in Sources */ = {isa = PBXBuildFile; fileRef = B020D0F91F9B068E00AB013C /* GameScene.swift */; };
		B020D0FC1F9B068E00AB013C /* GameViewController.swift in Sources */ = {isa = PBXBuildFile; fileRef = B020D0FB1F9B068E00AB013C /* GameViewController.swift */; };
		B020D0FF1F9B068E00AB013C /* Main.storyboard in Resources */ = {isa = PBXBuildFile; fileRef = B020D0FD1F9B068E00AB013C /* Main.storyboard */; };
		B020D1011F9B068E00AB013C /* Assets.xcassets in Resources */ = {isa = PBXBuildFile; fileRef = B020D1001F9B068E00AB013C /* Assets.xcassets */; };
		B020D1041F9B068E00AB013C /* LaunchScreen.storyboard in Resources */ = {isa = PBXBuildFile; fileRef = B020D1021F9B068E00AB013C /* LaunchScreen.storyboard */; };
		B020D10D1F9B841500AB013C /* NodeEntity.swift in Sources */ = {isa = PBXBuildFile; fileRef = B020D10C1F9B841500AB013C /* NodeEntity.swift */; };
		B020D1111F9B848800AB013C /* EntityNode.swift in Sources */ = {isa = PBXBuildFile; fileRef = B020D1101F9B848800AB013C /* EntityNode.swift */; };
		B020D1131F9B852200AB013C /* Player.swift in Sources */ = {isa = PBXBuildFile; fileRef = B020D1121F9B852200AB013C /* Player.swift */; };
		B020D1151F9B854400AB013C /* Missile.swift in Sources */ = {isa = PBXBuildFile; fileRef = B020D1141F9B854400AB013C /* Missile.swift */; };
		B020D1171F9B85AC00AB013C /* TargetingComponent.swift in Sources */ = {isa = PBXBuildFile; fileRef = B020D1161F9B85AC00AB013C /* TargetingComponent.swift */; };
		B020D1191F9B85DB00AB013C /* RenderComponent.swift in Sources */ = {isa = PBXBuildFile; fileRef = B020D1181F9B85DB00AB013C /* RenderComponent.swift */; };
/* End PBXBuildFile section */

/* Begin PBXFileReference section */
		B020D0F01F9B068E00AB013C /* LearningGameplayKitBehaviors.app */ = {isa = PBXFileReference; explicitFileType = wrapper.application; includeInIndex = 0; path = LearningGameplayKitBehaviors.app; sourceTree = BUILT_PRODUCTS_DIR; };
		B020D0F31F9B068E00AB013C /* AppDelegate.swift */ = {isa = PBXFileReference; lastKnownFileType = sourcecode.swift; path = AppDelegate.swift; sourceTree = "<group>"; };
		B020D0F51F9B068E00AB013C /* GameScene.sks */ = {isa = PBXFileReference; lastKnownFileType = file.sks; path = GameScene.sks; sourceTree = "<group>"; };
		B020D0F71F9B068E00AB013C /* Actions.sks */ = {isa = PBXFileReference; lastKnownFileType = file.sks; path = Actions.sks; sourceTree = "<group>"; };
		B020D0F91F9B068E00AB013C /* GameScene.swift */ = {isa = PBXFileReference; lastKnownFileType = sourcecode.swift; path = GameScene.swift; sourceTree = "<group>"; };
		B020D0FB1F9B068E00AB013C /* GameViewController.swift */ = {isa = PBXFileReference; lastKnownFileType = sourcecode.swift; path = GameViewController.swift; sourceTree = "<group>"; };
		B020D0FE1F9B068E00AB013C /* Base */ = {isa = PBXFileReference; lastKnownFileType = file.storyboard; name = Base; path = Base.lproj/Main.storyboard; sourceTree = "<group>"; };
		B020D1001F9B068E00AB013C /* Assets.xcassets */ = {isa = PBXFileReference; lastKnownFileType = folder.assetcatalog; path = Assets.xcassets; sourceTree = "<group>"; };
		B020D1031F9B068E00AB013C /* Base */ = {isa = PBXFileReference; lastKnownFileType = file.storyboard; name = Base; path = Base.lproj/LaunchScreen.storyboard; sourceTree = "<group>"; };
		B020D1051F9B068E00AB013C /* Info.plist */ = {isa = PBXFileReference; lastKnownFileType = text.plist.xml; path = Info.plist; sourceTree = "<group>"; };
		B020D10C1F9B841500AB013C /* NodeEntity.swift */ = {isa = PBXFileReference; lastKnownFileType = sourcecode.swift; path = NodeEntity.swift; sourceTree = "<group>"; };
		B020D1101F9B848800AB013C /* EntityNode.swift */ = {isa = PBXFileReference; lastKnownFileType = sourcecode.swift; path = EntityNode.swift; sourceTree = "<group>"; };
		B020D1121F9B852200AB013C /* Player.swift */ = {isa = PBXFileReference; lastKnownFileType = sourcecode.swift; path = Player.swift; sourceTree = "<group>"; };
		B020D1141F9B854400AB013C /* Missile.swift */ = {isa = PBXFileReference; lastKnownFileType = sourcecode.swift; path = Missile.swift; sourceTree = "<group>"; };
		B020D1161F9B85AC00AB013C /* TargetingComponent.swift */ = {isa = PBXFileReference; lastKnownFileType = sourcecode.swift; path = TargetingComponent.swift; sourceTree = "<group>"; };
		B020D1181F9B85DB00AB013C /* RenderComponent.swift */ = {isa = PBXFileReference; lastKnownFileType = sourcecode.swift; path = RenderComponent.swift; sourceTree = "<group>"; };
/* End PBXFileReference section */

/* Begin PBXFrameworksBuildPhase section */
		B020D0ED1F9B068E00AB013C /* Frameworks */ = {
			isa = PBXFrameworksBuildPhase;
			buildActionMask = 2147483647;
			files = (
			);
			runOnlyForDeploymentPostprocessing = 0;
		};
/* End PBXFrameworksBuildPhase section */

/* Begin PBXGroup section */
		B020D0E71F9B068E00AB013C = {
			isa = PBXGroup;
			children = (
				B020D0F21F9B068E00AB013C /* LearningGameplayKitBehaviors */,
				B020D0F11F9B068E00AB013C /* Products */,
			);
			sourceTree = "<group>";
		};
		B020D0F11F9B068E00AB013C /* Products */ = {
			isa = PBXGroup;
			children = (
				B020D0F01F9B068E00AB013C /* LearningGameplayKitBehaviors.app */,
			);
			name = Products;
			sourceTree = "<group>";
		};
		B020D0F21F9B068E00AB013C /* LearningGameplayKitBehaviors */ = {
			isa = PBXGroup;
			children = (
				B020D10F1F9B846800AB013C /* Components */,
				B020D10E1F9B846000AB013C /* Nodes */,
				B020D10B1F9B83C600AB013C /* Entities */,
				B020D0F31F9B068E00AB013C /* AppDelegate.swift */,
				B020D0F51F9B068E00AB013C /* GameScene.sks */,
				B020D0F71F9B068E00AB013C /* Actions.sks */,
				B020D0F91F9B068E00AB013C /* GameScene.swift */,
				B020D0FB1F9B068E00AB013C /* GameViewController.swift */,
				B020D0FD1F9B068E00AB013C /* Main.storyboard */,
				B020D1001F9B068E00AB013C /* Assets.xcassets */,
				B020D1021F9B068E00AB013C /* LaunchScreen.storyboard */,
				B020D1051F9B068E00AB013C /* Info.plist */,
			);
			path = LearningGameplayKitBehaviors;
			sourceTree = "<group>";
		};
		B020D10B1F9B83C600AB013C /* Entities */ = {
			isa = PBXGroup;
			children = (
				B020D10C1F9B841500AB013C /* NodeEntity.swift */,
				B020D1121F9B852200AB013C /* Player.swift */,
				B020D1141F9B854400AB013C /* Missile.swift */,
			);
			path = Entities;
			sourceTree = "<group>";
		};
		B020D10E1F9B846000AB013C /* Nodes */ = {
			isa = PBXGroup;
			children = (
				B020D1101F9B848800AB013C /* EntityNode.swift */,
			);
			path = Nodes;
			sourceTree = "<group>";
		};
		B020D10F1F9B846800AB013C /* Components */ = {
			isa = PBXGroup;
			children = (
				B020D1161F9B85AC00AB013C /* TargetingComponent.swift */,
				B020D1181F9B85DB00AB013C /* RenderComponent.swift */,
			);
			path = Components;
			sourceTree = "<group>";
		};
/* End PBXGroup section */

/* Begin PBXNativeTarget section */
		B020D0EF1F9B068E00AB013C /* LearningGameplayKitBehaviors */ = {
			isa = PBXNativeTarget;
			buildConfigurationList = B020D1081F9B068E00AB013C /* Build configuration list for PBXNativeTarget "LearningGameplayKitBehaviors" */;
			buildPhases = (
				B020D0EC1F9B068E00AB013C /* Sources */,
				B020D0ED1F9B068E00AB013C /* Frameworks */,
				B020D0EE1F9B068E00AB013C /* Resources */,
			);
			buildRules = (
			);
			dependencies = (
			);
			name = LearningGameplayKitBehaviors;
			productName = LearningGameplayKitBehaviors;
			productReference = B020D0F01F9B068E00AB013C /* LearningGameplayKitBehaviors.app */;
			productType = "com.apple.product-type.application";
		};
/* End PBXNativeTarget section */

/* Begin PBXProject section */
		B020D0E81F9B068E00AB013C /* Project object */ = {
			isa = PBXProject;
			attributes = {
				LastSwiftUpdateCheck = 0900;
				LastUpgradeCheck = 0900;
				ORGANIZATIONNAME = "Rommel Rico";
				TargetAttributes = {
					B020D0EF1F9B068E00AB013C = {
						CreatedOnToolsVersion = 9.0.1;
						ProvisioningStyle = Automatic;
					};
				};
			};
			buildConfigurationList = B020D0EB1F9B068E00AB013C /* Build configuration list for PBXProject "LearningGameplayKitBehaviors" */;
			compatibilityVersion = "Xcode 8.0";
			developmentRegion = en;
			hasScannedForEncodings = 0;
			knownRegions = (
				en,
				Base,
			);
			mainGroup = B020D0E71F9B068E00AB013C;
			productRefGroup = B020D0F11F9B068E00AB013C /* Products */;
			projectDirPath = "";
			projectRoot = "";
			targets = (
				B020D0EF1F9B068E00AB013C /* LearningGameplayKitBehaviors */,
			);
		};
/* End PBXProject section */

/* Begin PBXResourcesBuildPhase section */
		B020D0EE1F9B068E00AB013C /* Resources */ = {
			isa = PBXResourcesBuildPhase;
			buildActionMask = 2147483647;
			files = (
				B020D0FF1F9B068E00AB013C /* Main.storyboard in Resources */,
				B020D0F61F9B068E00AB013C /* GameScene.sks in Resources */,
				B020D1011F9B068E00AB013C /* Assets.xcassets in Resources */,
				B020D1041F9B068E00AB013C /* LaunchScreen.storyboard in Resources */,
				B020D0F81F9B068E00AB013C /* Actions.sks in Resources */,
			);
			runOnlyForDeploymentPostprocessing = 0;
		};
/* End PBXResourcesBuildPhase section */

/* Begin PBXSourcesBuildPhase section */
		B020D0EC1F9B068E00AB013C /* Sources */ = {
			isa = PBXSourcesBuildPhase;
			buildActionMask = 2147483647;
			files = (
				B020D0FA1F9B068E00AB013C /* GameScene.swift in Sources */,
				B020D0FC1F9B068E00AB013C /* GameViewController.swift in Sources */,
				B020D1151F9B854400AB013C /* Missile.swift in Sources */,
				B020D1171F9B85AC00AB013C /* TargetingComponent.swift in Sources */,
				B020D10D1F9B841500AB013C /* NodeEntity.swift in Sources */,
				B020D0F41F9B068E00AB013C /* AppDelegate.swift in Sources */,
				B020D1131F9B852200AB013C /* Player.swift in Sources */,
				B020D1111F9B848800AB013C /* EntityNode.swift in Sources */,
				B020D1191F9B85DB00AB013C /* RenderComponent.swift in Sources */,
			);
			runOnlyForDeploymentPostprocessing = 0;
		};
/* End PBXSourcesBuildPhase section */

/* Begin PBXVariantGroup section */
		B020D0FD1F9B068E00AB013C /* Main.storyboard */ = {
			isa = PBXVariantGroup;
			children = (
				B020D0FE1F9B068E00AB013C /* Base */,
			);
			name = Main.storyboard;
			sourceTree = "<group>";
		};
		B020D1021F9B068E00AB013C /* LaunchScreen.storyboard */ = {
			isa = PBXVariantGroup;
			children = (
				B020D1031F9B068E00AB013C /* Base */,
			);
			name = LaunchScreen.storyboard;
			sourceTree = "<group>";
		};
/* End PBXVariantGroup section */

/* Begin XCBuildConfiguration section */
		B020D1061F9B068E00AB013C /* Debug */ = {
			isa = XCBuildConfiguration;
			buildSettings = {
				ALWAYS_SEARCH_USER_PATHS = NO;
				CLANG_ANALYZER_NONNULL = YES;
				CLANG_ANALYZER_NUMBER_OBJECT_CONVERSION = YES_AGGRESSIVE;
				CLANG_CXX_LANGUAGE_STANDARD = "gnu++14";
				CLANG_CXX_LIBRARY = "libc++";
				CLANG_ENABLE_MODULES = YES;
				CLANG_ENABLE_OBJC_ARC = YES;
				CLANG_WARN_BLOCK_CAPTURE_AUTORELEASING = YES;
				CLANG_WARN_BOOL_CONVERSION = YES;
				CLANG_WARN_COMMA = YES;
				CLANG_WARN_CONSTANT_CONVERSION = YES;
				CLANG_WARN_DIRECT_OBJC_ISA_USAGE = YES_ERROR;
				CLANG_WARN_DOCUMENTATION_COMMENTS = YES;
				CLANG_WARN_EMPTY_BODY = YES;
				CLANG_WARN_ENUM_CONVERSION = YES;
				CLANG_WARN_INFINITE_RECURSION = YES;
				CLANG_WARN_INT_CONVERSION = YES;
				CLANG_WARN_NON_LITERAL_NULL_CONVERSION = YES;
				CLANG_WARN_OBJC_LITERAL_CONVERSION = YES;
				CLANG_WARN_OBJC_ROOT_CLASS = YES_ERROR;
				CLANG_WARN_RANGE_LOOP_ANALYSIS = YES;
				CLANG_WARN_STRICT_PROTOTYPES = YES;
				CLANG_WARN_SUSPICIOUS_MOVE = YES;
				CLANG_WARN_UNGUARDED_AVAILABILITY = YES_AGGRESSIVE;
				CLANG_WARN_UNREACHABLE_CODE = YES;
				CLANG_WARN__DUPLICATE_METHOD_MATCH = YES;
				CODE_SIGN_IDENTITY = "iPhone Developer";
				COPY_PHASE_STRIP = NO;
				DEBUG_INFORMATION_FORMAT = dwarf;
				ENABLE_STRICT_OBJC_MSGSEND = YES;
				ENABLE_TESTABILITY = YES;
				GCC_C_LANGUAGE_STANDARD = gnu11;
				GCC_DYNAMIC_NO_PIC = NO;
				GCC_NO_COMMON_BLOCKS = YES;
				GCC_OPTIMIZATION_LEVEL = 0;
				GCC_PREPROCESSOR_DEFINITIONS = (
					"DEBUG=1",
					"$(inherited)",
				);
				GCC_WARN_64_TO_32_BIT_CONVERSION = YES;
				GCC_WARN_ABOUT_RETURN_TYPE = YES_ERROR;
				GCC_WARN_UNDECLARED_SELECTOR = YES;
				GCC_WARN_UNINITIALIZED_AUTOS = YES_AGGRESSIVE;
				GCC_WARN_UNUSED_FUNCTION = YES;
				GCC_WARN_UNUSED_VARIABLE = YES;
				IPHONEOS_DEPLOYMENT_TARGET = 11.0;
				MTL_ENABLE_DEBUG_INFO = YES;
				ONLY_ACTIVE_ARCH = YES;
				SDKROOT = iphoneos;
				SWIFT_ACTIVE_COMPILATION_CONDITIONS = DEBUG;
				SWIFT_OPTIMIZATION_LEVEL = "-Onone";
			};
			name = Debug;
		};
		B020D1071F9B068E00AB013C /* Release */ = {
			isa = XCBuildConfiguration;
			buildSettings = {
				ALWAYS_SEARCH_USER_PATHS = NO;
				CLANG_ANALYZER_NONNULL = YES;
				CLANG_ANALYZER_NUMBER_OBJECT_CONVERSION = YES_AGGRESSIVE;
				CLANG_CXX_LANGUAGE_STANDARD = "gnu++14";
				CLANG_CXX_LIBRARY = "libc++";
				CLANG_ENABLE_MODULES = YES;
				CLANG_ENABLE_OBJC_ARC = YES;
				CLANG_WARN_BLOCK_CAPTURE_AUTORELEASING = YES;
				CLANG_WARN_BOOL_CONVERSION = YES;
				CLANG_WARN_COMMA = YES;
				CLANG_WARN_CONSTANT_CONVERSION = YES;
				CLANG_WARN_DIRECT_OBJC_ISA_USAGE = YES_ERROR;
				CLANG_WARN_DOCUMENTATION_COMMENTS = YES;
				CLANG_WARN_EMPTY_BODY = YES;
				CLANG_WARN_ENUM_CONVERSION = YES;
				CLANG_WARN_INFINITE_RECURSION = YES;
				CLANG_WARN_INT_CONVERSION = YES;
				CLANG_WARN_NON_LITERAL_NULL_CONVERSION = YES;
				CLANG_WARN_OBJC_LITERAL_CONVERSION = YES;
				CLANG_WARN_OBJC_ROOT_CLASS = YES_ERROR;
				CLANG_WARN_RANGE_LOOP_ANALYSIS = YES;
				CLANG_WARN_STRICT_PROTOTYPES = YES;
				CLANG_WARN_SUSPICIOUS_MOVE = YES;
				CLANG_WARN_UNGUARDED_AVAILABILITY = YES_AGGRESSIVE;
				CLANG_WARN_UNREACHABLE_CODE = YES;
				CLANG_WARN__DUPLICATE_METHOD_MATCH = YES;
				CODE_SIGN_IDENTITY = "iPhone Developer";
				COPY_PHASE_STRIP = NO;
				DEBUG_INFORMATION_FORMAT = "dwarf-with-dsym";
				ENABLE_NS_ASSERTIONS = NO;
				ENABLE_STRICT_OBJC_MSGSEND = YES;
				GCC_C_LANGUAGE_STANDARD = gnu11;
				GCC_NO_COMMON_BLOCKS = YES;
				GCC_WARN_64_TO_32_BIT_CONVERSION = YES;
				GCC_WARN_ABOUT_RETURN_TYPE = YES_ERROR;
				GCC_WARN_UNDECLARED_SELECTOR = YES;
				GCC_WARN_UNINITIALIZED_AUTOS = YES_AGGRESSIVE;
				GCC_WARN_UNUSED_FUNCTION = YES;
				GCC_WARN_UNUSED_VARIABLE = YES;
				IPHONEOS_DEPLOYMENT_TARGET = 11.0;
				MTL_ENABLE_DEBUG_INFO = NO;
				SDKROOT = iphoneos;
				SWIFT_OPTIMIZATION_LEVEL = "-Owholemodule";
				VALIDATE_PRODUCT = YES;
			};
			name = Release;
		};
		B020D1091F9B068E00AB013C /* Debug */ = {
			isa = XCBuildConfiguration;
			buildSettings = {
				ASSETCATALOG_COMPILER_APPICON_NAME = AppIcon;
				CODE_SIGN_STYLE = Automatic;
				DEVELOPMENT_TEAM = 6RV5CH2XTD;
				INFOPLIST_FILE = LearningGameplayKitBehaviors/Info.plist;
				LD_RUNPATH_SEARCH_PATHS = "$(inherited) @executable_path/Frameworks";
				PRODUCT_BUNDLE_IDENTIFIER = com.rommelrico.LearningGameplayKitBehaviors;
				PRODUCT_NAME = "$(TARGET_NAME)";
				SWIFT_VERSION = 4.0;
				TARGETED_DEVICE_FAMILY = "1,2";
			};
			name = Debug;
		};
		B020D10A1F9B068E00AB013C /* Release */ = {
			isa = XCBuildConfiguration;
			buildSettings = {
				ASSETCATALOG_COMPILER_APPICON_NAME = AppIcon;
				CODE_SIGN_STYLE = Automatic;
				DEVELOPMENT_TEAM = 6RV5CH2XTD;
				INFOPLIST_FILE = LearningGameplayKitBehaviors/Info.plist;
				LD_RUNPATH_SEARCH_PATHS = "$(inherited) @executable_path/Frameworks";
				PRODUCT_BUNDLE_IDENTIFIER = com.rommelrico.LearningGameplayKitBehaviors;
				PRODUCT_NAME = "$(TARGET_NAME)";
				SWIFT_VERSION = 4.0;
				TARGETED_DEVICE_FAMILY = "1,2";
			};
			name = Release;
		};
/* End XCBuildConfiguration section */

/* Begin XCConfigurationList section */
		B020D0EB1F9B068E00AB013C /* Build configuration list for PBXProject "LearningGameplayKitBehaviors" */ = {
			isa = XCConfigurationList;
			buildConfigurations = (
				B020D1061F9B068E00AB013C /* Debug */,
				B020D1071F9B068E00AB013C /* Release */,
			);
			defaultConfigurationIsVisible = 0;
			defaultConfigurationName = Release;
		};
		B020D1081F9B068E00AB013C /* Build configuration list for PBXNativeTarget "LearningGameplayKitBehaviors" */ = {
			isa = XCConfigurationList;
			buildConfigurations = (
				B020D1091F9B068E00AB013C /* Debug */,
				B020D10A1F9B068E00AB013C /* Release */,
			);
			defaultConfigurationIsVisible = 0;
			defaultConfigurationName = Release;
		};
/* End XCConfigurationList section */
	};
	rootObject = B020D0E81F9B068E00AB013C /* Project object */;
}
